// !$*UTF8*$!
{
	archiveVersion = 1;
	classes = {
	};
	objectVersion = 77;
	objects = {

/* Begin PBXBuildFile section */
		03E6DBEEABDD966B82148DD8 /* HostFileLogger.swift in Sources */ = {isa = PBXBuildFile; fileRef = CCB1F3B7C236848DE6C6FB12 /* HostFileLogger.swift */; };
		054E99504A4FA37180875F3B /* GazeProviderKit in Frameworks */ = {isa = PBXBuildFile; productRef = F83ABAC19EF4B0DB0043B1D4 /* GazeProviderKit */; };
		0D89993321545844568649A7 /* BeamHostApp.swift in Sources */ = {isa = PBXBuildFile; fileRef = 4DCA09D73083CEF25644DC44 /* BeamHostApp.swift */; };
		1590E38CE4BC152FA5CE2E6C /* GazeCoreKit in Frameworks */ = {isa = PBXBuildFile; productRef = 82C1642D06A5405D194197DE /* GazeCoreKit */; };
		2899CAEDD48EE4B754912458 /* USBMuxBridge.swift in Sources */ = {isa = PBXBuildFile; fileRef = 4E6852B1EAC0EC92C3542B26 /* USBMuxBridge.swift */; };
		34082CD5484EA6192F396A07 /* ProviderSampleClient.swift in Sources */ = {isa = PBXBuildFile; fileRef = 29CA1389668DDD09D50BE6D8 /* ProviderSampleClient.swift */; };
		413066BB843550FFE1E20B81 /* CalibrationSupport.swift in Sources */ = {isa = PBXBuildFile; fileRef = 5F8B097D8ED84DABA386D25D /* CalibrationSupport.swift */; };
		5CF7CD0A759D1CB896B7CF1C /* BeamOverlayView.swift in Sources */ = {isa = PBXBuildFile; fileRef = 9C398E103EEE4F0CA91B20F6 /* BeamOverlayView.swift */; };
		5DDAFA3F97E762FD27BB3295 /* BeamHostViewModel.swift in Sources */ = {isa = PBXBuildFile; fileRef = 98A21A9B4FD0896E7190D225 /* BeamHostViewModel.swift */; };
		6531895470555B7C2760BA31 /* ProviderSampleBroadcastServer.swift in Sources */ = {isa = PBXBuildFile; fileRef = ACEA43B892F7E6454D83882B /* ProviderSampleBroadcastServer.swift */; };
		6F7DE9A972F8F65E46F25680 /* GazeDemoApp.swift in Sources */ = {isa = PBXBuildFile; fileRef = 7D0B1D7EAD66A8AFC17C408A /* GazeDemoApp.swift */; };
		73CF2FEDA87DB3C2037E31D7 /* BeamHostControlView.swift in Sources */ = {isa = PBXBuildFile; fileRef = 5D1F98983AAB8DE07D23EC0D /* BeamHostControlView.swift */; };
		868B7433CC7A35C4656CCA89 /* GazeProtocolKit in Frameworks */ = {isa = PBXBuildFile; productRef = 169AFD86D7FC4FA9A47DEE88 /* GazeProtocolKit */; };
		8E5108E5937213C6ADD67E05 /* GazeDemoViewModel.swift in Sources */ = {isa = PBXBuildFile; fileRef = 43FC82E520DEBD88D02F9357 /* GazeDemoViewModel.swift */; };
		950106A032CDC2C92C7E8ABF /* CalibrationPersistence.swift in Sources */ = {isa = PBXBuildFile; fileRef = 7F633B42B1CE2CF4916DAB61 /* CalibrationPersistence.swift */; };
		95395F14713CB3DA5925D3A9 /* ProviderSampleServer.swift in Sources */ = {isa = PBXBuildFile; fileRef = 88ADD85C2E4EC045E3C7B1E4 /* ProviderSampleServer.swift */; };
		A255FA42D53B049D1A01BA73 /* GazeProtocolKit in Frameworks */ = {isa = PBXBuildFile; productRef = 7B96D4B432D711DACA267A8F /* GazeProtocolKit */; };
		A3EB7FE9A9E8BE964A2E3D96 /* ContentView.swift in Sources */ = {isa = PBXBuildFile; fileRef = 7C14B1B3677CB47D67802D5A /* ContentView.swift */; };
		B9DF457D886BA2D13BB935DA /* LocalIPAddressProvider.swift in Sources */ = {isa = PBXBuildFile; fileRef = 7AF63D48CBC2359B00DDAEE2 /* LocalIPAddressProvider.swift */; };
		F1A0CBE7379FDEE4B2CD7200 /* BeamOverlayWindowController.swift in Sources */ = {isa = PBXBuildFile; fileRef = 9882B0138F18F7295FB0B3D1 /* BeamOverlayWindowController.swift */; };
		F453609FDC369F5AA8E81287 /* BeamOverlayModel.swift in Sources */ = {isa = PBXBuildFile; fileRef = D1248F03774C0F7EED5249BD /* BeamOverlayModel.swift */; };
/* End PBXBuildFile section */

/* Begin PBXFileReference section */
		29CA1389668DDD09D50BE6D8 /* ProviderSampleClient.swift */ = {isa = PBXFileReference; lastKnownFileType = sourcecode.swift; path = ProviderSampleClient.swift; sourceTree = "<group>"; };
		43FC82E520DEBD88D02F9357 /* GazeDemoViewModel.swift */ = {isa = PBXFileReference; lastKnownFileType = sourcecode.swift; path = GazeDemoViewModel.swift; sourceTree = "<group>"; };
		4541B33E59F36ABF5A11D9BB /* GazeBeamHost.app */ = {isa = PBXFileReference; explicitFileType = wrapper.application; includeInIndex = 0; path = GazeBeamHost.app; sourceTree = BUILT_PRODUCTS_DIR; };
		4DCA09D73083CEF25644DC44 /* BeamHostApp.swift */ = {isa = PBXFileReference; lastKnownFileType = sourcecode.swift; path = BeamHostApp.swift; sourceTree = "<group>"; };
		4E6852B1EAC0EC92C3542B26 /* USBMuxBridge.swift */ = {isa = PBXFileReference; lastKnownFileType = sourcecode.swift; path = USBMuxBridge.swift; sourceTree = "<group>"; };
		5D1F98983AAB8DE07D23EC0D /* BeamHostControlView.swift */ = {isa = PBXFileReference; lastKnownFileType = sourcecode.swift; path = BeamHostControlView.swift; sourceTree = "<group>"; };
		5F8B097D8ED84DABA386D25D /* CalibrationSupport.swift */ = {isa = PBXFileReference; lastKnownFileType = sourcecode.swift; path = CalibrationSupport.swift; sourceTree = "<group>"; };
		7AF63D48CBC2359B00DDAEE2 /* LocalIPAddressProvider.swift */ = {isa = PBXFileReference; lastKnownFileType = sourcecode.swift; path = LocalIPAddressProvider.swift; sourceTree = "<group>"; };
		7C14B1B3677CB47D67802D5A /* ContentView.swift */ = {isa = PBXFileReference; lastKnownFileType = sourcecode.swift; path = ContentView.swift; sourceTree = "<group>"; };
		7D0B1D7EAD66A8AFC17C408A /* GazeDemoApp.swift */ = {isa = PBXFileReference; lastKnownFileType = sourcecode.swift; path = GazeDemoApp.swift; sourceTree = "<group>"; };
		7F633B42B1CE2CF4916DAB61 /* CalibrationPersistence.swift */ = {isa = PBXFileReference; lastKnownFileType = sourcecode.swift; path = CalibrationPersistence.swift; sourceTree = "<group>"; };
		88ADD85C2E4EC045E3C7B1E4 /* ProviderSampleServer.swift */ = {isa = PBXFileReference; lastKnownFileType = sourcecode.swift; path = ProviderSampleServer.swift; sourceTree = "<group>"; };
		9882B0138F18F7295FB0B3D1 /* BeamOverlayWindowController.swift */ = {isa = PBXFileReference; lastKnownFileType = sourcecode.swift; path = BeamOverlayWindowController.swift; sourceTree = "<group>"; };
		98A21A9B4FD0896E7190D225 /* BeamHostViewModel.swift */ = {isa = PBXFileReference; lastKnownFileType = sourcecode.swift; path = BeamHostViewModel.swift; sourceTree = "<group>"; };
		9C398E103EEE4F0CA91B20F6 /* BeamOverlayView.swift */ = {isa = PBXFileReference; lastKnownFileType = sourcecode.swift; path = BeamOverlayView.swift; sourceTree = "<group>"; };
		ACEA43B892F7E6454D83882B /* ProviderSampleBroadcastServer.swift */ = {isa = PBXFileReference; lastKnownFileType = sourcecode.swift; path = ProviderSampleBroadcastServer.swift; sourceTree = "<group>"; };
		CCB1F3B7C236848DE6C6FB12 /* HostFileLogger.swift */ = {isa = PBXFileReference; lastKnownFileType = sourcecode.swift; path = HostFileLogger.swift; sourceTree = "<group>"; };
		D1248F03774C0F7EED5249BD /* BeamOverlayModel.swift */ = {isa = PBXFileReference; lastKnownFileType = sourcecode.swift; path = BeamOverlayModel.swift; sourceTree = "<group>"; };
		E5E1471B64801B7CBAD3997F /* gaze */ = {isa = PBXFileReference; lastKnownFileType = folder; name = gaze; path = ..; sourceTree = SOURCE_ROOT; };
		E952E669DC20991B29BC7C97 /* GazeDemoApp.app */ = {isa = PBXFileReference; includeInIndex = 0; lastKnownFileType = wrapper.application; path = GazeDemoApp.app; sourceTree = BUILT_PRODUCTS_DIR; };
/* End PBXFileReference section */

/* Begin PBXFrameworksBuildPhase section */
		9B96C3703AAF5F644A1DA5E9 /* Frameworks */ = {
			isa = PBXFrameworksBuildPhase;
			buildActionMask = 2147483647;
			files = (
				054E99504A4FA37180875F3B /* GazeProviderKit in Frameworks */,
				A255FA42D53B049D1A01BA73 /* GazeProtocolKit in Frameworks */,
			);
			runOnlyForDeploymentPostprocessing = 0;
		};
		C6AB45D042410513F1F33A84 /* Frameworks */ = {
			isa = PBXFrameworksBuildPhase;
			buildActionMask = 2147483647;
			files = (
				1590E38CE4BC152FA5CE2E6C /* GazeCoreKit in Frameworks */,
				868B7433CC7A35C4656CCA89 /* GazeProtocolKit in Frameworks */,
			);
			runOnlyForDeploymentPostprocessing = 0;
		};
/* End PBXFrameworksBuildPhase section */

/* Begin PBXGroup section */
		16D900C499722421CA927E61 /* GazeBeamHost */ = {
			isa = PBXGroup;
			children = (
				4DCA09D73083CEF25644DC44 /* BeamHostApp.swift */,
				5D1F98983AAB8DE07D23EC0D /* BeamHostControlView.swift */,
				98A21A9B4FD0896E7190D225 /* BeamHostViewModel.swift */,
				D1248F03774C0F7EED5249BD /* BeamOverlayModel.swift */,
				9C398E103EEE4F0CA91B20F6 /* BeamOverlayView.swift */,
				9882B0138F18F7295FB0B3D1 /* BeamOverlayWindowController.swift */,
				7F633B42B1CE2CF4916DAB61 /* CalibrationPersistence.swift */,
				5F8B097D8ED84DABA386D25D /* CalibrationSupport.swift */,
				CCB1F3B7C236848DE6C6FB12 /* HostFileLogger.swift */,
				7AF63D48CBC2359B00DDAEE2 /* LocalIPAddressProvider.swift */,
				29CA1389668DDD09D50BE6D8 /* ProviderSampleClient.swift */,
				88ADD85C2E4EC045E3C7B1E4 /* ProviderSampleServer.swift */,
				4E6852B1EAC0EC92C3542B26 /* USBMuxBridge.swift */,
			);
			path = GazeBeamHost;
			sourceTree = "<group>";
		};
		1FD74D86992F8F3B6D6E4608 /* GazeDemoApp */ = {
			isa = PBXGroup;
			children = (
				7C14B1B3677CB47D67802D5A /* ContentView.swift */,
				7D0B1D7EAD66A8AFC17C408A /* GazeDemoApp.swift */,
				43FC82E520DEBD88D02F9357 /* GazeDemoViewModel.swift */,
				ACEA43B892F7E6454D83882B /* ProviderSampleBroadcastServer.swift */,
			);
			path = GazeDemoApp;
			sourceTree = "<group>";
		};
		5D2DD66202BE70B20E4D5F3A = {
			isa = PBXGroup;
			children = (
				16D900C499722421CA927E61 /* GazeBeamHost */,
				1FD74D86992F8F3B6D6E4608 /* GazeDemoApp */,
				CDD7BFC7413E1CAC4692C283 /* Packages */,
				62C16AB56EAE6BD18C6220CB /* Products */,
			);
			sourceTree = "<group>";
		};
		62C16AB56EAE6BD18C6220CB /* Products */ = {
			isa = PBXGroup;
			children = (
				4541B33E59F36ABF5A11D9BB /* GazeBeamHost.app */,
				E952E669DC20991B29BC7C97 /* GazeDemoApp.app */,
			);
			name = Products;
			sourceTree = "<group>";
		};
		CDD7BFC7413E1CAC4692C283 /* Packages */ = {
			isa = PBXGroup;
			children = (
				E5E1471B64801B7CBAD3997F /* gaze */,
			);
			name = Packages;
			sourceTree = "<group>";
		};
/* End PBXGroup section */

/* Begin PBXNativeTarget section */
		12B091887559485C3D0A7D59 /* GazeBeamHost */ = {
			isa = PBXNativeTarget;
			buildConfigurationList = 1161CB114B754F16D6FCE990 /* Build configuration list for PBXNativeTarget "GazeBeamHost" */;
			buildPhases = (
				A829E7001FA32C068E3A3ECC /* Sources */,
				C6AB45D042410513F1F33A84 /* Frameworks */,
			);
			buildRules = (
			);
			dependencies = (
			);
			name = GazeBeamHost;
			packageProductDependencies = (
				82C1642D06A5405D194197DE /* GazeCoreKit */,
				169AFD86D7FC4FA9A47DEE88 /* GazeProtocolKit */,
			);
			productName = GazeBeamHost;
			productReference = 4541B33E59F36ABF5A11D9BB /* GazeBeamHost.app */;
			productType = "com.apple.product-type.application";
		};
		602E86E54F8EAA27B1E84458 /* GazeDemoApp */ = {
			isa = PBXNativeTarget;
			buildConfigurationList = BBCBB165954AFC4F71DFA444 /* Build configuration list for PBXNativeTarget "GazeDemoApp" */;
			buildPhases = (
				8D103CE1F6DB19C45EB85048 /* Sources */,
				9B96C3703AAF5F644A1DA5E9 /* Frameworks */,
			);
			buildRules = (
			);
			dependencies = (
			);
			name = GazeDemoApp;
			packageProductDependencies = (
				F83ABAC19EF4B0DB0043B1D4 /* GazeProviderKit */,
				7B96D4B432D711DACA267A8F /* GazeProtocolKit */,
			);
			productName = GazeDemoApp;
			productReference = E952E669DC20991B29BC7C97 /* GazeDemoApp.app */;
			productType = "com.apple.product-type.application";
		};
/* End PBXNativeTarget section */

/* Begin PBXProject section */
		C74224A995330E9FFA19F1B2 /* Project object */ = {
			isa = PBXProject;
			attributes = {
				BuildIndependentTargetsInParallel = YES;
				LastUpgradeCheck = 1430;
				TargetAttributes = {
					12B091887559485C3D0A7D59 = {
						ProvisioningStyle = Automatic;
					};
					602E86E54F8EAA27B1E84458 = {
						DevelopmentTeam = "";
						ProvisioningStyle = Automatic;
					};
				};
			};
			buildConfigurationList = 273A92C38885BA733CA66EE9 /* Build configuration list for PBXProject "GazeDemoApp" */;
			developmentRegion = en;
			hasScannedForEncodings = 0;
			knownRegions = (
				Base,
				en,
			);
			mainGroup = 5D2DD66202BE70B20E4D5F3A;
			minimizedProjectReferenceProxies = 1;
			packageReferences = (
				A6C6D48E0C307FC799D7D19B /* XCLocalSwiftPackageReference ".." */,
			);
			preferredProjectObjectVersion = 77;
			productRefGroup = 62C16AB56EAE6BD18C6220CB /* Products */;
			projectDirPath = "";
			projectRoot = "";
			targets = (
				12B091887559485C3D0A7D59 /* GazeBeamHost */,
				602E86E54F8EAA27B1E84458 /* GazeDemoApp */,
			);
		};
/* End PBXProject section */

/* Begin PBXSourcesBuildPhase section */
		8D103CE1F6DB19C45EB85048 /* Sources */ = {
			isa = PBXSourcesBuildPhase;
			buildActionMask = 2147483647;
			files = (
				A3EB7FE9A9E8BE964A2E3D96 /* ContentView.swift in Sources */,
				6F7DE9A972F8F65E46F25680 /* GazeDemoApp.swift in Sources */,
				8E5108E5937213C6ADD67E05 /* GazeDemoViewModel.swift in Sources */,
				6531895470555B7C2760BA31 /* ProviderSampleBroadcastServer.swift in Sources */,
			);
			runOnlyForDeploymentPostprocessing = 0;
		};
		A829E7001FA32C068E3A3ECC /* Sources */ = {
			isa = PBXSourcesBuildPhase;
			buildActionMask = 2147483647;
			files = (
				0D89993321545844568649A7 /* BeamHostApp.swift in Sources */,
				73CF2FEDA87DB3C2037E31D7 /* BeamHostControlView.swift in Sources */,
				5DDAFA3F97E762FD27BB3295 /* BeamHostViewModel.swift in Sources */,
				F453609FDC369F5AA8E81287 /* BeamOverlayModel.swift in Sources */,
				5CF7CD0A759D1CB896B7CF1C /* BeamOverlayView.swift in Sources */,
				F1A0CBE7379FDEE4B2CD7200 /* BeamOverlayWindowController.swift in Sources */,
				950106A032CDC2C92C7E8ABF /* CalibrationPersistence.swift in Sources */,
				413066BB843550FFE1E20B81 /* CalibrationSupport.swift in Sources */,
				03E6DBEEABDD966B82148DD8 /* HostFileLogger.swift in Sources */,
				B9DF457D886BA2D13BB935DA /* LocalIPAddressProvider.swift in Sources */,
				34082CD5484EA6192F396A07 /* ProviderSampleClient.swift in Sources */,
				95395F14713CB3DA5925D3A9 /* ProviderSampleServer.swift in Sources */,
				2899CAEDD48EE4B754912458 /* USBMuxBridge.swift in Sources */,
			);
			runOnlyForDeploymentPostprocessing = 0;
		};
/* End PBXSourcesBuildPhase section */

/* Begin XCBuildConfiguration section */
		7B45BBB6B12B49C2D2A764D3 /* Release */ = {
			isa = XCBuildConfiguration;
			buildSettings = {
				ASSETCATALOG_COMPILER_APPICON_NAME = AppIcon;
				CODE_SIGN_STYLE = Automatic;
				COMBINE_HIDPI_IMAGES = YES;
				CURRENT_PROJECT_VERSION = 1;
				GENERATE_INFOPLIST_FILE = NO;
				INFOPLIST_FILE = GazeBeamHost/Info.plist;
				LD_RUNPATH_SEARCH_PATHS = (
					"$(inherited)",
					"@executable_path/../Frameworks",
				);
				MARKETING_VERSION = 1.0;
				PRODUCT_BUNDLE_IDENTIFIER = com.example.GazeBeamHost;
				SDKROOT = macosx;
				SWIFT_VERSION = 6.0;
			};
			name = Release;
		};
		7BF9F7722096FBF60DCE2093 /* Debug */ = {
			isa = XCBuildConfiguration;
			buildSettings = {
				ASSETCATALOG_COMPILER_APPICON_NAME = AppIcon;
				CODE_SIGN_IDENTITY = "iPhone Developer";
				CODE_SIGN_STYLE = Automatic;
				CURRENT_PROJECT_VERSION = 1;
				DEVELOPMENT_TEAM = "";
				GENERATE_INFOPLIST_FILE = NO;
				INFOPLIST_FILE = GazeDemoApp/Info.plist;
				LD_RUNPATH_SEARCH_PATHS = (
					"$(inherited)",
					"@executable_path/Frameworks",
				);
				MARKETING_VERSION = 1.0;
				PRODUCT_BUNDLE_IDENTIFIER = com.example.GazeDemoApp;
				SDKROOT = iphoneos;
				SUPPORTS_MACCATALYST = NO;
				SWIFT_VERSION = 6.0;
				TARGETED_DEVICE_FAMILY = 1;
			};
			name = Debug;
		};
		989D54322EE80CB806959482 /* Release */ = {
			isa = XCBuildConfiguration;
			buildSettings = {
				ASSETCATALOG_COMPILER_APPICON_NAME = AppIcon;
				CODE_SIGN_IDENTITY = "iPhone Developer";
				CODE_SIGN_STYLE = Automatic;
				CURRENT_PROJECT_VERSION = 1;
				DEVELOPMENT_TEAM = "";
				GENERATE_INFOPLIST_FILE = NO;
				INFOPLIST_FILE = GazeDemoApp/Info.plist;
				LD_RUNPATH_SEARCH_PATHS = (
					"$(inherited)",
					"@executable_path/Frameworks",
				);
				MARKETING_VERSION = 1.0;
				PRODUCT_BUNDLE_IDENTIFIER = com.example.GazeDemoApp;
				SDKROOT = iphoneos;
				SUPPORTS_MACCATALYST = NO;
				SWIFT_VERSION = 6.0;
				TARGETED_DEVICE_FAMILY = 1;
			};
			name = Release;
		};
		B78D00DC2B5FCD8DAF060745 /* Debug */ = {
			isa = XCBuildConfiguration;
			buildSettings = {
				ASSETCATALOG_COMPILER_APPICON_NAME = AppIcon;
				CODE_SIGN_STYLE = Automatic;
				COMBINE_HIDPI_IMAGES = YES;
				CURRENT_PROJECT_VERSION = 1;
				GENERATE_INFOPLIST_FILE = NO;
				INFOPLIST_FILE = GazeBeamHost/Info.plist;
				LD_RUNPATH_SEARCH_PATHS = (
					"$(inherited)",
					"@executable_path/../Frameworks",
				);
				MARKETING_VERSION = 1.0;
				PRODUCT_BUNDLE_IDENTIFIER = com.example.GazeBeamHost;
				SDKROOT = macosx;
				SWIFT_VERSION = 6.0;
			};
			name = Debug;
		};
		BD8F8A8CEF39DD2667B23D86 /* Debug */ = {
			isa = XCBuildConfiguration;
			buildSettings = {
				ALWAYS_SEARCH_USER_PATHS = NO;
				CLANG_ANALYZER_NONNULL = YES;
				CLANG_ANALYZER_NUMBER_OBJECT_CONVERSION = YES_AGGRESSIVE;
				CLANG_CXX_LANGUAGE_STANDARD = "gnu++14";
				CLANG_CXX_LIBRARY = "libc++";
				CLANG_ENABLE_MODULES = YES;
				CLANG_ENABLE_OBJC_ARC = YES;
				CLANG_ENABLE_OBJC_WEAK = YES;
				CLANG_WARN_BLOCK_CAPTURE_AUTORELEASING = YES;
				CLANG_WARN_BOOL_CONVERSION = YES;
				CLANG_WARN_COMMA = YES;
				CLANG_WARN_CONSTANT_CONVERSION = YES;
				CLANG_WARN_DEPRECATED_OBJC_IMPLEMENTATIONS = YES;
				CLANG_WARN_DIRECT_OBJC_ISA_USAGE = YES_ERROR;
				CLANG_WARN_DOCUMENTATION_COMMENTS = YES;
				CLANG_WARN_EMPTY_BODY = YES;
				CLANG_WARN_ENUM_CONVERSION = YES;
				CLANG_WARN_INFINITE_RECURSION = YES;
				CLANG_WARN_INT_CONVERSION = YES;
				CLANG_WARN_NON_LITERAL_NULL_CONVERSION = YES;
				CLANG_WARN_OBJC_IMPLICIT_RETAIN_SELF = YES;
				CLANG_WARN_OBJC_LITERAL_CONVERSION = YES;
				CLANG_WARN_OBJC_ROOT_CLASS = YES_ERROR;
				CLANG_WARN_QUOTED_INCLUDE_IN_FRAMEWORK_HEADER = YES;
				CLANG_WARN_RANGE_LOOP_ANALYSIS = YES;
				CLANG_WARN_STRICT_PROTOTYPES = YES;
				CLANG_WARN_SUSPICIOUS_MOVE = YES;
				CLANG_WARN_UNGUARDED_AVAILABILITY = YES_AGGRESSIVE;
				CLANG_WARN_UNREACHABLE_CODE = YES;
				CLANG_WARN__DUPLICATE_METHOD_MATCH = YES;
				COPY_PHASE_STRIP = NO;
				DEBUG_INFORMATION_FORMAT = dwarf;
				ENABLE_STRICT_OBJC_MSGSEND = YES;
				ENABLE_TESTABILITY = YES;
				GCC_C_LANGUAGE_STANDARD = gnu11;
				GCC_DYNAMIC_NO_PIC = NO;
				GCC_NO_COMMON_BLOCKS = YES;
				GCC_OPTIMIZATION_LEVEL = 0;
				GCC_PREPROCESSOR_DEFINITIONS = (
					"$(inherited)",
					"DEBUG=1",
				);
				GCC_WARN_64_TO_32_BIT_CONVERSION = YES;
				GCC_WARN_ABOUT_RETURN_TYPE = YES_ERROR;
				GCC_WARN_UNDECLARED_SELECTOR = YES;
				GCC_WARN_UNINITIALIZED_AUTOS = YES_AGGRESSIVE;
				GCC_WARN_UNUSED_FUNCTION = YES;
				GCC_WARN_UNUSED_VARIABLE = YES;
				IPHONEOS_DEPLOYMENT_TARGET = 15.0;
				MACOSX_DEPLOYMENT_TARGET = 14.0;
				MTL_ENABLE_DEBUG_INFO = INCLUDE_SOURCE;
				MTL_FAST_MATH = YES;
				ONLY_ACTIVE_ARCH = YES;
				PRODUCT_NAME = "$(TARGET_NAME)";
				SWIFT_ACTIVE_COMPILATION_CONDITIONS = DEBUG;
				SWIFT_OPTIMIZATION_LEVEL = "-Onone";
				SWIFT_VERSION = 5.0;
			};
			name = Debug;
		};
		CD433219B3C041AE270BCEE7 /* Release */ = {
			isa = XCBuildConfiguration;
			buildSettings = {
				ALWAYS_SEARCH_USER_PATHS = NO;
				CLANG_ANALYZER_NONNULL = YES;
				CLANG_ANALYZER_NUMBER_OBJECT_CONVERSION = YES_AGGRESSIVE;
				CLANG_CXX_LANGUAGE_STANDARD = "gnu++14";
				CLANG_CXX_LIBRARY = "libc++";
				CLANG_ENABLE_MODULES = YES;
				CLANG_ENABLE_OBJC_ARC = YES;
				CLANG_ENABLE_OBJC_WEAK = YES;
				CLANG_WARN_BLOCK_CAPTURE_AUTORELEASING = YES;
				CLANG_WARN_BOOL_CONVERSION = YES;
				CLANG_WARN_COMMA = YES;
				CLANG_WARN_CONSTANT_CONVERSION = YES;
				CLANG_WARN_DEPRECATED_OBJC_IMPLEMENTATIONS = YES;
				CLANG_WARN_DIRECT_OBJC_ISA_USAGE = YES_ERROR;
				CLANG_WARN_DOCUMENTATION_COMMENTS = YES;
				CLANG_WARN_EMPTY_BODY = YES;
				CLANG_WARN_ENUM_CONVERSION = YES;
				CLANG_WARN_INFINITE_RECURSION = YES;
				CLANG_WARN_INT_CONVERSION = YES;
				CLANG_WARN_NON_LITERAL_NULL_CONVERSION = YES;
				CLANG_WARN_OBJC_IMPLICIT_RETAIN_SELF = YES;
				CLANG_WARN_OBJC_LITERAL_CONVERSION = YES;
				CLANG_WARN_OBJC_ROOT_CLASS = YES_ERROR;
				CLANG_WARN_QUOTED_INCLUDE_IN_FRAMEWORK_HEADER = YES;
				CLANG_WARN_RANGE_LOOP_ANALYSIS = YES;
				CLANG_WARN_STRICT_PROTOTYPES = YES;
				CLANG_WARN_SUSPICIOUS_MOVE = YES;
				CLANG_WARN_UNGUARDED_AVAILABILITY = YES_AGGRESSIVE;
				CLANG_WARN_UNREACHABLE_CODE = YES;
				CLANG_WARN__DUPLICATE_METHOD_MATCH = YES;
				COPY_PHASE_STRIP = NO;
				DEBUG_INFORMATION_FORMAT = "dwarf-with-dsym";
				ENABLE_NS_ASSERTIONS = NO;
				ENABLE_STRICT_OBJC_MSGSEND = YES;
				GCC_C_LANGUAGE_STANDARD = gnu11;
				GCC_NO_COMMON_BLOCKS = YES;
				GCC_WARN_64_TO_32_BIT_CONVERSION = YES;
				GCC_WARN_ABOUT_RETURN_TYPE = YES_ERROR;
				GCC_WARN_UNDECLARED_SELECTOR = YES;
				GCC_WARN_UNINITIALIZED_AUTOS = YES_AGGRESSIVE;
				GCC_WARN_UNUSED_FUNCTION = YES;
				GCC_WARN_UNUSED_VARIABLE = YES;
				IPHONEOS_DEPLOYMENT_TARGET = 15.0;
				MACOSX_DEPLOYMENT_TARGET = 14.0;
				MTL_ENABLE_DEBUG_INFO = NO;
				MTL_FAST_MATH = YES;
				PRODUCT_NAME = "$(TARGET_NAME)";
				SWIFT_COMPILATION_MODE = wholemodule;
				SWIFT_OPTIMIZATION_LEVEL = "-O";
				SWIFT_VERSION = 5.0;
			};
			name = Release;
		};
/* End XCBuildConfiguration section */

/* Begin XCConfigurationList section */
		1161CB114B754F16D6FCE990 /* Build configuration list for PBXNativeTarget "GazeBeamHost" */ = {
			isa = XCConfigurationList;
			buildConfigurations = (
				B78D00DC2B5FCD8DAF060745 /* Debug */,
				7B45BBB6B12B49C2D2A764D3 /* Release */,
			);
			defaultConfigurationIsVisible = 0;
			defaultConfigurationName = Debug;
		};
		273A92C38885BA733CA66EE9 /* Build configuration list for PBXProject "GazeDemoApp" */ = {
			isa = XCConfigurationList;
			buildConfigurations = (
				BD8F8A8CEF39DD2667B23D86 /* Debug */,
				CD433219B3C041AE270BCEE7 /* Release */,
			);
			defaultConfigurationIsVisible = 0;
			defaultConfigurationName = Debug;
		};
		BBCBB165954AFC4F71DFA444 /* Build configuration list for PBXNativeTarget "GazeDemoApp" */ = {
			isa = XCConfigurationList;
			buildConfigurations = (
				7BF9F7722096FBF60DCE2093 /* Debug */,
				989D54322EE80CB806959482 /* Release */,
			);
			defaultConfigurationIsVisible = 0;
			defaultConfigurationName = Debug;
		};
/* End XCConfigurationList section */

/* Begin XCLocalSwiftPackageReference section */
		A6C6D48E0C307FC799D7D19B /* XCLocalSwiftPackageReference ".." */ = {
			isa = XCLocalSwiftPackageReference;
			relativePath = ..;
		};
/* End XCLocalSwiftPackageReference section */

/* Begin XCSwiftPackageProductDependency section */
		169AFD86D7FC4FA9A47DEE88 /* GazeProtocolKit */ = {
			isa = XCSwiftPackageProductDependency;
			productName = GazeProtocolKit;
		};
		7B96D4B432D711DACA267A8F /* GazeProtocolKit */ = {
			isa = XCSwiftPackageProductDependency;
			productName = GazeProtocolKit;
		};
		82C1642D06A5405D194197DE /* GazeCoreKit */ = {
			isa = XCSwiftPackageProductDependency;
			productName = GazeCoreKit;
		};
		F83ABAC19EF4B0DB0043B1D4 /* GazeProviderKit */ = {
			isa = XCSwiftPackageProductDependency;
			productName = GazeProviderKit;
		};
/* End XCSwiftPackageProductDependency section */
	};
	rootObject = C74224A995330E9FFA19F1B2 /* Project object */;
}
